
Microsoft Visual Studio Solution File, Format Version 12.00
# Visual Studio Version 16
VisualStudioVersion = 16.0.29306.81
MinimumVisualStudioVersion = 10.0.40219.1
Project("{FAE04EC0-301F-11D3-BF4B-00C04F79EFBC}") = "TPGarage", "TPGarage\TPGarage.csproj", "{D50A0B20-59E7-4C4C-94BC-F1ABD335C9A1}"
EndProject
Project("{FAE04EC0-301F-11D3-BF4B-00C04F79EFBC}") = "GarageLib.Core", "GarageLib.Core\GarageLib.Core.csproj", "{9BB03357-79C3-493A-99AD-6CB8ED7379E7}"
EndProject
Project("{FAE04EC0-301F-11D3-BF4B-00C04F79EFBC}") = "GarageTest", "GarageTest\GarageTest.csproj", "{BADD5D26-7288-44BA-AFFD-CDC8C78FFF73}"
EndProject
Global
	GlobalSection(SolutionConfigurationPlatforms) = preSolution
		Debug|Any CPU = Debug|Any CPU
		Release|Any CPU = Release|Any CPU
	EndGlobalSection
	GlobalSection(ProjectConfigurationPlatforms) = postSolution
		{D50A0B20-59E7-4C4C-94BC-F1ABD335C9A1}.Debug|Any CPU.ActiveCfg = Debug|Any CPU
		{D50A0B20-59E7-4C4C-94BC-F1ABD335C9A1}.Debug|Any CPU.Build.0 = Debug|Any CPU
		{D50A0B20-59E7-4C4C-94BC-F1ABD335C9A1}.Release|Any CPU.ActiveCfg = Release|Any CPU
		{D50A0B20-59E7-4C4C-94BC-F1ABD335C9A1}.Release|Any CPU.Build.0 = Release|Any CPU
		{9BB03357-79C3-493A-99AD-6CB8ED7379E7}.Debug|Any CPU.ActiveCfg = Debug|Any CPU
		{9BB03357-79C3-493A-99AD-6CB8ED7379E7}.Debug|Any CPU.Build.0 = Debug|Any CPU
		{9BB03357-79C3-493A-99AD-6CB8ED7379E7}.Release|Any CPU.ActiveCfg = Release|Any CPU
		{9BB03357-79C3-493A-99AD-6CB8ED7379E7}.Release|Any CPU.Build.0 = Release|Any CPU
		{BADD5D26-7288-44BA-AFFD-CDC8C78FFF73}.Debug|Any CPU.ActiveCfg = Debug|Any CPU
		{BADD5D26-7288-44BA-AFFD-CDC8C78FFF73}.Debug|Any CPU.Build.0 = Debug|Any CPU
		{BADD5D26-7288-44BA-AFFD-CDC8C78FFF73}.Release|Any CPU.ActiveCfg = Release|Any CPU
		{BADD5D26-7288-44BA-AFFD-CDC8C78FFF73}.Release|Any CPU.Build.0 = Release|Any CPU
	EndGlobalSection
	GlobalSection(SolutionProperties) = preSolution
		HideSolutionNode = FALSE
	EndGlobalSection
	GlobalSection(ExtensibilityGlobals) = postSolution
		SolutionGuid = {78591E63-C90D-49B1-895D-EEECFA8C3239}
	EndGlobalSection
EndGlobal
